
Microsoft Visual Studio Solution File, Format Version 10.00
# Visual Studio 2008
Project("{B3672514-7503-4B01-B4B4-B44E87061EA2}") = "Dojo_Troco", "Dojo_Troco\Dojo_Troco.booproj", "{F94CC490-D564-43C1-AABF-367B89AFE510}"
EndProject
Global
	GlobalSection(SolutionConfigurationPlatforms) = preSolution
		Debug|Any CPU = Debug|Any CPU
		Release|Any CPU = Release|Any CPU
	EndGlobalSection
	GlobalSection(ProjectConfigurationPlatforms) = postSolution
		{F94CC490-D564-43C1-AABF-367B89AFE510}.Debug|Any CPU.ActiveCfg = Debug|Any CPU
		{F94CC490-D564-43C1-AABF-367B89AFE510}.Debug|Any CPU.Build.0 = Debug|Any CPU
		{F94CC490-D564-43C1-AABF-367B89AFE510}.Release|Any CPU.ActiveCfg = Release|Any CPU
		{F94CC490-D564-43C1-AABF-367B89AFE510}.Release|Any CPU.Build.0 = Release|Any CPU
	EndGlobalSection
	GlobalSection(MonoDevelopProperties) = preSolution
		StartupItem = Dojo_Troco\Dojo_Troco.booproj
	EndGlobalSection
EndGlobal
